
Microsoft Visual Studio Solution File, Format Version 12.00
# Visual Studio 15
VisualStudioVersion = 15.0.28307.1267
MinimumVisualStudioVersion = 10.0.40219.1
Project("{FAE04EC0-301F-11D3-BF4B-00C04F79EFBC}") = "DelegateExample", "DelegateExample\DelegateExample.csproj", "{1D043547-2873-4957-9383-660A781F2271}"
EndProject
Project("{FAE04EC0-301F-11D3-BF4B-00C04F79EFBC}") = "MulticastDelegateExample", "MulticastDelegateExample\MulticastDelegateExample.csproj", "{2BF82917-475D-49BD-87D8-5CDCD698FAA5}"
EndProject
Global
	GlobalSection(SolutionConfigurationPlatforms) = preSolution
		Debug|Any CPU = Debug|Any CPU
		Release|Any CPU = Release|Any CPU
	EndGlobalSection
	GlobalSection(ProjectConfigurationPlatforms) = postSolution
		{1D043547-2873-4957-9383-660A781F2271}.Debug|Any CPU.ActiveCfg = Debug|Any CPU
		{1D043547-2873-4957-9383-660A781F2271}.Debug|Any CPU.Build.0 = Debug|Any CPU
		{1D043547-2873-4957-9383-660A781F2271}.Release|Any CPU.ActiveCfg = Release|Any CPU
		{1D043547-2873-4957-9383-660A781F2271}.Release|Any CPU.Build.0 = Release|Any CPU
		{2BF82917-475D-49BD-87D8-5CDCD698FAA5}.Debug|Any CPU.ActiveCfg = Debug|Any CPU
		{2BF82917-475D-49BD-87D8-5CDCD698FAA5}.Debug|Any CPU.Build.0 = Debug|Any CPU
		{2BF82917-475D-49BD-87D8-5CDCD698FAA5}.Release|Any CPU.ActiveCfg = Release|Any CPU
		{2BF82917-475D-49BD-87D8-5CDCD698FAA5}.Release|Any CPU.Build.0 = Release|Any CPU
	EndGlobalSection
	GlobalSection(SolutionProperties) = preSolution
		HideSolutionNode = FALSE
	EndGlobalSection
	GlobalSection(ExtensibilityGlobals) = postSolution
		SolutionGuid = {4E8A8632-4E05-499B-BD18-C2A9F0827FF3}
	EndGlobalSection
EndGlobal
